
Microsoft Visual Studio Solution File, Format Version 12.00
# Visual Studio Version 17
VisualStudioVersion = 17.2.32602.215
MinimumVisualStudioVersion = 10.0.40219.1
Project("{9A19103F-16F7-4668-BE54-9A1E7A4F7556}") = "HW03.Birthday", "HW03.Birthday\HW03.Birthday.csproj", "{B6914B17-C106-4DA3-9D7F-525C50FB37B3}"
EndProject
Project("{9A19103F-16F7-4668-BE54-9A1E7A4F7556}") = "HW.01.Casting", "..\hw_02\HW.01.Casting\HW.01.Casting.csproj", "{22FB1A98-BF4D-4943-955B-472630760092}"
EndProject
Project("{9A19103F-16F7-4668-BE54-9A1E7A4F7556}") = "HW.02.Types", "..\hw_02\HW.02.Types\HW.02.Types.csproj", "{1DD1BC0B-1C90-43A1-8975-8C4E8D7CC596}"
EndProject
Project("{9A19103F-16F7-4668-BE54-9A1E7A4F7556}") = "HW.03.QuadraticFormula", "..\hw_02\HW.03.QuadraticFormula\HW.03.QuadraticFormula.csproj", "{4051DBEC-D09B-4DB9-A9EB-B100C0C3EB44}"
EndProject
Project("{9A19103F-16F7-4668-BE54-9A1E7A4F7556}") = "HW.04.Image", "..\hw_02\HW.04.Image\HW.04.Image.csproj", "{381887FB-E31C-4754-BB1D-F6C87B863B04}"
EndProject
Global
	GlobalSection(SolutionConfigurationPlatforms) = preSolution
		Debug|Any CPU = Debug|Any CPU
		Release|Any CPU = Release|Any CPU
	EndGlobalSection
	GlobalSection(ProjectConfigurationPlatforms) = postSolution
		{B6914B17-C106-4DA3-9D7F-525C50FB37B3}.Debug|Any CPU.ActiveCfg = Debug|Any CPU
		{B6914B17-C106-4DA3-9D7F-525C50FB37B3}.Debug|Any CPU.Build.0 = Debug|Any CPU
		{B6914B17-C106-4DA3-9D7F-525C50FB37B3}.Release|Any CPU.ActiveCfg = Release|Any CPU
		{B6914B17-C106-4DA3-9D7F-525C50FB37B3}.Release|Any CPU.Build.0 = Release|Any CPU
		{22FB1A98-BF4D-4943-955B-472630760092}.Debug|Any CPU.ActiveCfg = Debug|Any CPU
		{22FB1A98-BF4D-4943-955B-472630760092}.Debug|Any CPU.Build.0 = Debug|Any CPU
		{22FB1A98-BF4D-4943-955B-472630760092}.Release|Any CPU.ActiveCfg = Release|Any CPU
		{22FB1A98-BF4D-4943-955B-472630760092}.Release|Any CPU.Build.0 = Release|Any CPU
		{1DD1BC0B-1C90-43A1-8975-8C4E8D7CC596}.Debug|Any CPU.ActiveCfg = Debug|Any CPU
		{1DD1BC0B-1C90-43A1-8975-8C4E8D7CC596}.Debug|Any CPU.Build.0 = Debug|Any CPU
		{1DD1BC0B-1C90-43A1-8975-8C4E8D7CC596}.Release|Any CPU.ActiveCfg = Release|Any CPU
		{1DD1BC0B-1C90-43A1-8975-8C4E8D7CC596}.Release|Any CPU.Build.0 = Release|Any CPU
		{4051DBEC-D09B-4DB9-A9EB-B100C0C3EB44}.Debug|Any CPU.ActiveCfg = Debug|Any CPU
		{4051DBEC-D09B-4DB9-A9EB-B100C0C3EB44}.Debug|Any CPU.Build.0 = Debug|Any CPU
		{4051DBEC-D09B-4DB9-A9EB-B100C0C3EB44}.Release|Any CPU.ActiveCfg = Release|Any CPU
		{4051DBEC-D09B-4DB9-A9EB-B100C0C3EB44}.Release|Any CPU.Build.0 = Release|Any CPU
		{381887FB-E31C-4754-BB1D-F6C87B863B04}.Debug|Any CPU.ActiveCfg = Debug|Any CPU
		{381887FB-E31C-4754-BB1D-F6C87B863B04}.Debug|Any CPU.Build.0 = Debug|Any CPU
		{381887FB-E31C-4754-BB1D-F6C87B863B04}.Release|Any CPU.ActiveCfg = Release|Any CPU
		{381887FB-E31C-4754-BB1D-F6C87B863B04}.Release|Any CPU.Build.0 = Release|Any CPU
	EndGlobalSection
	GlobalSection(SolutionProperties) = preSolution
		HideSolutionNode = FALSE
	EndGlobalSection
	GlobalSection(ExtensibilityGlobals) = postSolution
		SolutionGuid = {0278F64A-069B-41D6-A300-11FFEB9845D7}
	EndGlobalSection
EndGlobal
