
Microsoft Visual Studio Solution File, Format Version 12.00
# Visual Studio Version 17
VisualStudioVersion = 17.2.32602.215
MinimumVisualStudioVersion = 10.0.40219.1
Project("{9A19103F-16F7-4668-BE54-9A1E7A4F7556}") = "HW03.Birthday", "HW03.Birthday\HW03.Birthday.csproj", "{B6914B17-C106-4DA3-9D7F-525C50FB37B3}"
EndProject
Project("{9A19103F-16F7-4668-BE54-9A1E7A4F7556}") = "HW.01.Casting", "HW.02\HW.01.Casting\HW.01.Casting.csproj", "{8D776566-B8C0-4EB0-949C-979ADBBC34F5}"
EndProject
Project("{9A19103F-16F7-4668-BE54-9A1E7A4F7556}") = "HW.02.Types", "HW.02\HW.02.Types\HW.02.Types.csproj", "{EAE972F6-99C1-4FE5-86AB-4523C46B1BC1}"
EndProject
Project("{9A19103F-16F7-4668-BE54-9A1E7A4F7556}") = "HW.03.QuadraticFormula", "HW.02\HW.03.QuadraticFormula\HW.03.QuadraticFormula.csproj", "{B37C0B42-3DAC-4364-B96E-2AE5E0AD12EF}"
EndProject
Project("{9A19103F-16F7-4668-BE54-9A1E7A4F7556}") = "HW.04.Image", "HW.02\HW.04.Image\HW.04.Image.csproj", "{84869AD6-FD5A-4B2F-9AE7-7861B105C723}"
EndProject
Project("{9A19103F-16F7-4668-BE54-9A1E7A4F7556}") = "WH.04.Operators1", "WH.04.Operators1\WH.04.Operators1.csproj", "{704CB45D-173E-438F-825B-6A6F18AB8929}"
EndProject
Project("{9A19103F-16F7-4668-BE54-9A1E7A4F7556}") = "HW04.Operators2", "HW04.Operators2\HW04.Operators2.csproj", "{E8EFA8D6-2364-4400-8B04-6F08DB298C33}"
EndProject
Project("{9A19103F-16F7-4668-BE54-9A1E7A4F7556}") = "HW04.Operators3", "HW04.Operators3\HW04.Operators3.csproj", "{8B896F55-0C6A-44E0-B9A6-D6FA09DCB07E}"
EndProject
Project("{9A19103F-16F7-4668-BE54-9A1E7A4F7556}") = "HW04.Loops", "HW04.Loops\HW04.Loops.csproj", "{35562881-B4EE-425F-AB84-277FC76C702F}"
EndProject
Project("{9A19103F-16F7-4668-BE54-9A1E7A4F7556}") = "HW04.Operators4", "HW04.Operators4\HW04.Operators4.csproj", "{D067C632-4B57-434B-B395-13772246B3A1}"
EndProject
Project("{9A19103F-16F7-4668-BE54-9A1E7A4F7556}") = "HW04.Game", "HW04.Game\HW04.Game.csproj", "{ADCC2C9F-5B17-40ED-A2C2-B9FFEFDDB3F5}"
EndProject
Project("{9A19103F-16F7-4668-BE54-9A1E7A4F7556}") = "HW.05.Task1", "HW.05.Task1\HW.05.Task1.csproj", "{F3D2DAB1-7C73-4C0F-9B04-4F609CDC3C3A}"
EndProject
Project("{9A19103F-16F7-4668-BE54-9A1E7A4F7556}") = "HW.05.Task2", "HW.05.Task2\HW.05.Task2.csproj", "{297E05E6-3206-424F-ACE9-3DA2C4670341}"
EndProject
Project("{9A19103F-16F7-4668-BE54-9A1E7A4F7556}") = "HW.05.Task3", "HW.05.Task3\HW.05.Task3.csproj", "{5DD76E89-7CD6-441E-A704-9E3573F2710D}"
EndProject
Project("{9A19103F-16F7-4668-BE54-9A1E7A4F7556}") = "HW.05.Task4", "HW.05.Task4\HW.05.Task4.csproj", "{2A5FBB97-024C-4AAF-82B7-458CFC69A2BE}"
EndProject
Project("{9A19103F-16F7-4668-BE54-9A1E7A4F7556}") = "HW.05.Task5", "HW.05.Task5\HW.05.Task5.csproj", "{6BA71817-D0E6-498D-BEBC-ADE6992B1EE7}"
EndProject
Project("{9A19103F-16F7-4668-BE54-9A1E7A4F7556}") = "HW.06.Task1", "HW.06.Task1\HW.06.Task1.csproj", "{45DE128D-C26E-4333-849C-7BA9E26636BA}"
EndProject
Project("{9A19103F-16F7-4668-BE54-9A1E7A4F7556}") = "HW.06.Task2", "HW.06.Task2\HW.06.Task2.csproj", "{5C8EAB2F-6587-427E-8121-0DC3017B6292}"
EndProject
Project("{9A19103F-16F7-4668-BE54-9A1E7A4F7556}") = "HW.06.Task3", "HW.06.Task3\HW.06.Task3.csproj", "{F9A8EFB5-3300-405E-B4DE-A7C8BB7D6E4A}"
EndProject
Project("{9A19103F-16F7-4668-BE54-9A1E7A4F7556}") = "HW.06.Task4", "HW.06.Task4\HW.06.Task4.csproj", "{5645CFCC-91DE-419D-8DC0-91AB28CE248D}"
EndProject
Project("{9A19103F-16F7-4668-BE54-9A1E7A4F7556}") = "HW.07.Task1", "HW.07.Task1\HW.07.Task1.csproj", "{56722BA2-F80A-4E49-BECA-90F14B479E69}"
EndProject
Project("{9A19103F-16F7-4668-BE54-9A1E7A4F7556}") = "HW.07.Task2.AssemblyOne", "HW.07.Task2.AssemblyOne\HW.07.Task2.AssemblyOne.csproj", "{083ED589-C1CE-4163-B5C0-E50A8B484950}"
EndProject
Project("{9A19103F-16F7-4668-BE54-9A1E7A4F7556}") = "HW.07.Task2.AssemblyTwo", "HW.07.Task2.AssemblyTwo\HW.07.Task2.AssemblyTwo.csproj", "{CE3B6B47-A47D-4BDC-AF6E-91CC3C6041CA}"
EndProject
Project("{9A19103F-16F7-4668-BE54-9A1E7A4F7556}") = "HW.09.Task1", "HW.09.Task1\HW.09.Task1.csproj", "{FF09B263-8313-4BC2-A355-10A964AE6CCC}"
EndProject
Project("{9A19103F-16F7-4668-BE54-9A1E7A4F7556}") = "HW.09.Task2", "HW.09.Task2\HW.09.Task2.csproj", "{9929F448-7F3C-4C11-981D-D37B2101CBBC}"
EndProject
Project("{9A19103F-16F7-4668-BE54-9A1E7A4F7556}") = "HW.09.Task3", "HW.09.Task3\HW.09.Task3.csproj", "{0F8F5201-73F5-4DAF-B695-A055ED4BD7EC}"
EndProject
Project("{FAE04EC0-301F-11D3-BF4B-00C04F79EFBC}") = "HW.09.Booking.Com", "HW.09.Booking.Com\HW.09.Booking.Com.csproj", "{A1B7F6BA-E89E-49ED-B306-06D17687BF4D}"
EndProject
Global
	GlobalSection(SolutionConfigurationPlatforms) = preSolution
		Debug|Any CPU = Debug|Any CPU
		Release|Any CPU = Release|Any CPU
	EndGlobalSection
	GlobalSection(ProjectConfigurationPlatforms) = postSolution
		{B6914B17-C106-4DA3-9D7F-525C50FB37B3}.Debug|Any CPU.ActiveCfg = Debug|Any CPU
		{B6914B17-C106-4DA3-9D7F-525C50FB37B3}.Debug|Any CPU.Build.0 = Debug|Any CPU
		{B6914B17-C106-4DA3-9D7F-525C50FB37B3}.Release|Any CPU.ActiveCfg = Release|Any CPU
		{B6914B17-C106-4DA3-9D7F-525C50FB37B3}.Release|Any CPU.Build.0 = Release|Any CPU
		{8D776566-B8C0-4EB0-949C-979ADBBC34F5}.Debug|Any CPU.ActiveCfg = Debug|Any CPU
		{8D776566-B8C0-4EB0-949C-979ADBBC34F5}.Debug|Any CPU.Build.0 = Debug|Any CPU
		{8D776566-B8C0-4EB0-949C-979ADBBC34F5}.Release|Any CPU.ActiveCfg = Release|Any CPU
		{8D776566-B8C0-4EB0-949C-979ADBBC34F5}.Release|Any CPU.Build.0 = Release|Any CPU
		{EAE972F6-99C1-4FE5-86AB-4523C46B1BC1}.Debug|Any CPU.ActiveCfg = Debug|Any CPU
		{EAE972F6-99C1-4FE5-86AB-4523C46B1BC1}.Debug|Any CPU.Build.0 = Debug|Any CPU
		{EAE972F6-99C1-4FE5-86AB-4523C46B1BC1}.Release|Any CPU.ActiveCfg = Release|Any CPU
		{EAE972F6-99C1-4FE5-86AB-4523C46B1BC1}.Release|Any CPU.Build.0 = Release|Any CPU
		{B37C0B42-3DAC-4364-B96E-2AE5E0AD12EF}.Debug|Any CPU.ActiveCfg = Debug|Any CPU
		{B37C0B42-3DAC-4364-B96E-2AE5E0AD12EF}.Debug|Any CPU.Build.0 = Debug|Any CPU
		{B37C0B42-3DAC-4364-B96E-2AE5E0AD12EF}.Release|Any CPU.ActiveCfg = Release|Any CPU
		{B37C0B42-3DAC-4364-B96E-2AE5E0AD12EF}.Release|Any CPU.Build.0 = Release|Any CPU
		{84869AD6-FD5A-4B2F-9AE7-7861B105C723}.Debug|Any CPU.ActiveCfg = Debug|Any CPU
		{84869AD6-FD5A-4B2F-9AE7-7861B105C723}.Debug|Any CPU.Build.0 = Debug|Any CPU
		{84869AD6-FD5A-4B2F-9AE7-7861B105C723}.Release|Any CPU.ActiveCfg = Release|Any CPU
		{84869AD6-FD5A-4B2F-9AE7-7861B105C723}.Release|Any CPU.Build.0 = Release|Any CPU
		{704CB45D-173E-438F-825B-6A6F18AB8929}.Debug|Any CPU.ActiveCfg = Debug|Any CPU
		{704CB45D-173E-438F-825B-6A6F18AB8929}.Debug|Any CPU.Build.0 = Debug|Any CPU
		{704CB45D-173E-438F-825B-6A6F18AB8929}.Release|Any CPU.ActiveCfg = Release|Any CPU
		{704CB45D-173E-438F-825B-6A6F18AB8929}.Release|Any CPU.Build.0 = Release|Any CPU
		{E8EFA8D6-2364-4400-8B04-6F08DB298C33}.Debug|Any CPU.ActiveCfg = Debug|Any CPU
		{E8EFA8D6-2364-4400-8B04-6F08DB298C33}.Debug|Any CPU.Build.0 = Debug|Any CPU
		{E8EFA8D6-2364-4400-8B04-6F08DB298C33}.Release|Any CPU.ActiveCfg = Release|Any CPU
		{E8EFA8D6-2364-4400-8B04-6F08DB298C33}.Release|Any CPU.Build.0 = Release|Any CPU
		{8B896F55-0C6A-44E0-B9A6-D6FA09DCB07E}.Debug|Any CPU.ActiveCfg = Debug|Any CPU
		{8B896F55-0C6A-44E0-B9A6-D6FA09DCB07E}.Debug|Any CPU.Build.0 = Debug|Any CPU
		{8B896F55-0C6A-44E0-B9A6-D6FA09DCB07E}.Release|Any CPU.ActiveCfg = Release|Any CPU
		{8B896F55-0C6A-44E0-B9A6-D6FA09DCB07E}.Release|Any CPU.Build.0 = Release|Any CPU
		{35562881-B4EE-425F-AB84-277FC76C702F}.Debug|Any CPU.ActiveCfg = Debug|Any CPU
		{35562881-B4EE-425F-AB84-277FC76C702F}.Debug|Any CPU.Build.0 = Debug|Any CPU
		{35562881-B4EE-425F-AB84-277FC76C702F}.Release|Any CPU.ActiveCfg = Release|Any CPU
		{35562881-B4EE-425F-AB84-277FC76C702F}.Release|Any CPU.Build.0 = Release|Any CPU
		{D067C632-4B57-434B-B395-13772246B3A1}.Debug|Any CPU.ActiveCfg = Debug|Any CPU
		{D067C632-4B57-434B-B395-13772246B3A1}.Debug|Any CPU.Build.0 = Debug|Any CPU
		{D067C632-4B57-434B-B395-13772246B3A1}.Release|Any CPU.ActiveCfg = Release|Any CPU
		{D067C632-4B57-434B-B395-13772246B3A1}.Release|Any CPU.Build.0 = Release|Any CPU
		{ADCC2C9F-5B17-40ED-A2C2-B9FFEFDDB3F5}.Debug|Any CPU.ActiveCfg = Debug|Any CPU
		{ADCC2C9F-5B17-40ED-A2C2-B9FFEFDDB3F5}.Debug|Any CPU.Build.0 = Debug|Any CPU
		{ADCC2C9F-5B17-40ED-A2C2-B9FFEFDDB3F5}.Release|Any CPU.ActiveCfg = Release|Any CPU
		{ADCC2C9F-5B17-40ED-A2C2-B9FFEFDDB3F5}.Release|Any CPU.Build.0 = Release|Any CPU
		{F3D2DAB1-7C73-4C0F-9B04-4F609CDC3C3A}.Debug|Any CPU.ActiveCfg = Debug|Any CPU
		{F3D2DAB1-7C73-4C0F-9B04-4F609CDC3C3A}.Debug|Any CPU.Build.0 = Debug|Any CPU
		{F3D2DAB1-7C73-4C0F-9B04-4F609CDC3C3A}.Release|Any CPU.ActiveCfg = Release|Any CPU
		{F3D2DAB1-7C73-4C0F-9B04-4F609CDC3C3A}.Release|Any CPU.Build.0 = Release|Any CPU
		{297E05E6-3206-424F-ACE9-3DA2C4670341}.Debug|Any CPU.ActiveCfg = Debug|Any CPU
		{297E05E6-3206-424F-ACE9-3DA2C4670341}.Debug|Any CPU.Build.0 = Debug|Any CPU
		{297E05E6-3206-424F-ACE9-3DA2C4670341}.Release|Any CPU.ActiveCfg = Release|Any CPU
		{297E05E6-3206-424F-ACE9-3DA2C4670341}.Release|Any CPU.Build.0 = Release|Any CPU
		{5DD76E89-7CD6-441E-A704-9E3573F2710D}.Debug|Any CPU.ActiveCfg = Debug|Any CPU
		{5DD76E89-7CD6-441E-A704-9E3573F2710D}.Debug|Any CPU.Build.0 = Debug|Any CPU
		{5DD76E89-7CD6-441E-A704-9E3573F2710D}.Release|Any CPU.ActiveCfg = Release|Any CPU
		{5DD76E89-7CD6-441E-A704-9E3573F2710D}.Release|Any CPU.Build.0 = Release|Any CPU
		{2A5FBB97-024C-4AAF-82B7-458CFC69A2BE}.Debug|Any CPU.ActiveCfg = Debug|Any CPU
		{2A5FBB97-024C-4AAF-82B7-458CFC69A2BE}.Debug|Any CPU.Build.0 = Debug|Any CPU
		{2A5FBB97-024C-4AAF-82B7-458CFC69A2BE}.Release|Any CPU.ActiveCfg = Release|Any CPU
		{2A5FBB97-024C-4AAF-82B7-458CFC69A2BE}.Release|Any CPU.Build.0 = Release|Any CPU
		{6BA71817-D0E6-498D-BEBC-ADE6992B1EE7}.Debug|Any CPU.ActiveCfg = Debug|Any CPU
		{6BA71817-D0E6-498D-BEBC-ADE6992B1EE7}.Debug|Any CPU.Build.0 = Debug|Any CPU
		{6BA71817-D0E6-498D-BEBC-ADE6992B1EE7}.Release|Any CPU.ActiveCfg = Release|Any CPU
		{6BA71817-D0E6-498D-BEBC-ADE6992B1EE7}.Release|Any CPU.Build.0 = Release|Any CPU
		{45DE128D-C26E-4333-849C-7BA9E26636BA}.Debug|Any CPU.ActiveCfg = Debug|Any CPU
		{45DE128D-C26E-4333-849C-7BA9E26636BA}.Debug|Any CPU.Build.0 = Debug|Any CPU
		{45DE128D-C26E-4333-849C-7BA9E26636BA}.Release|Any CPU.ActiveCfg = Release|Any CPU
		{45DE128D-C26E-4333-849C-7BA9E26636BA}.Release|Any CPU.Build.0 = Release|Any CPU
		{5C8EAB2F-6587-427E-8121-0DC3017B6292}.Debug|Any CPU.ActiveCfg = Debug|Any CPU
		{5C8EAB2F-6587-427E-8121-0DC3017B6292}.Debug|Any CPU.Build.0 = Debug|Any CPU
		{5C8EAB2F-6587-427E-8121-0DC3017B6292}.Release|Any CPU.ActiveCfg = Release|Any CPU
		{5C8EAB2F-6587-427E-8121-0DC3017B6292}.Release|Any CPU.Build.0 = Release|Any CPU
		{F9A8EFB5-3300-405E-B4DE-A7C8BB7D6E4A}.Debug|Any CPU.ActiveCfg = Debug|Any CPU
		{F9A8EFB5-3300-405E-B4DE-A7C8BB7D6E4A}.Debug|Any CPU.Build.0 = Debug|Any CPU
		{F9A8EFB5-3300-405E-B4DE-A7C8BB7D6E4A}.Release|Any CPU.ActiveCfg = Release|Any CPU
		{F9A8EFB5-3300-405E-B4DE-A7C8BB7D6E4A}.Release|Any CPU.Build.0 = Release|Any CPU
		{5645CFCC-91DE-419D-8DC0-91AB28CE248D}.Debug|Any CPU.ActiveCfg = Debug|Any CPU
		{5645CFCC-91DE-419D-8DC0-91AB28CE248D}.Debug|Any CPU.Build.0 = Debug|Any CPU
		{5645CFCC-91DE-419D-8DC0-91AB28CE248D}.Release|Any CPU.ActiveCfg = Release|Any CPU
		{5645CFCC-91DE-419D-8DC0-91AB28CE248D}.Release|Any CPU.Build.0 = Release|Any CPU
		{56722BA2-F80A-4E49-BECA-90F14B479E69}.Debug|Any CPU.ActiveCfg = Debug|Any CPU
		{56722BA2-F80A-4E49-BECA-90F14B479E69}.Debug|Any CPU.Build.0 = Debug|Any CPU
		{56722BA2-F80A-4E49-BECA-90F14B479E69}.Release|Any CPU.ActiveCfg = Release|Any CPU
		{56722BA2-F80A-4E49-BECA-90F14B479E69}.Release|Any CPU.Build.0 = Release|Any CPU
		{083ED589-C1CE-4163-B5C0-E50A8B484950}.Debug|Any CPU.ActiveCfg = Debug|Any CPU
		{083ED589-C1CE-4163-B5C0-E50A8B484950}.Debug|Any CPU.Build.0 = Debug|Any CPU
		{083ED589-C1CE-4163-B5C0-E50A8B484950}.Release|Any CPU.ActiveCfg = Release|Any CPU
		{083ED589-C1CE-4163-B5C0-E50A8B484950}.Release|Any CPU.Build.0 = Release|Any CPU
		{CE3B6B47-A47D-4BDC-AF6E-91CC3C6041CA}.Debug|Any CPU.ActiveCfg = Debug|Any CPU
		{CE3B6B47-A47D-4BDC-AF6E-91CC3C6041CA}.Debug|Any CPU.Build.0 = Debug|Any CPU
		{CE3B6B47-A47D-4BDC-AF6E-91CC3C6041CA}.Release|Any CPU.ActiveCfg = Release|Any CPU
		{CE3B6B47-A47D-4BDC-AF6E-91CC3C6041CA}.Release|Any CPU.Build.0 = Release|Any CPU
		{FF09B263-8313-4BC2-A355-10A964AE6CCC}.Debug|Any CPU.ActiveCfg = Debug|Any CPU
		{FF09B263-8313-4BC2-A355-10A964AE6CCC}.Debug|Any CPU.Build.0 = Debug|Any CPU
		{FF09B263-8313-4BC2-A355-10A964AE6CCC}.Release|Any CPU.ActiveCfg = Release|Any CPU
		{FF09B263-8313-4BC2-A355-10A964AE6CCC}.Release|Any CPU.Build.0 = Release|Any CPU
		{9929F448-7F3C-4C11-981D-D37B2101CBBC}.Debug|Any CPU.ActiveCfg = Debug|Any CPU
		{9929F448-7F3C-4C11-981D-D37B2101CBBC}.Debug|Any CPU.Build.0 = Debug|Any CPU
		{9929F448-7F3C-4C11-981D-D37B2101CBBC}.Release|Any CPU.ActiveCfg = Release|Any CPU
		{9929F448-7F3C-4C11-981D-D37B2101CBBC}.Release|Any CPU.Build.0 = Release|Any CPU
		{0F8F5201-73F5-4DAF-B695-A055ED4BD7EC}.Debug|Any CPU.ActiveCfg = Debug|Any CPU
		{0F8F5201-73F5-4DAF-B695-A055ED4BD7EC}.Debug|Any CPU.Build.0 = Debug|Any CPU
		{0F8F5201-73F5-4DAF-B695-A055ED4BD7EC}.Release|Any CPU.ActiveCfg = Release|Any CPU
		{0F8F5201-73F5-4DAF-B695-A055ED4BD7EC}.Release|Any CPU.Build.0 = Release|Any CPU
		{A1B7F6BA-E89E-49ED-B306-06D17687BF4D}.Debug|Any CPU.ActiveCfg = Debug|Any CPU
		{A1B7F6BA-E89E-49ED-B306-06D17687BF4D}.Debug|Any CPU.Build.0 = Debug|Any CPU
		{A1B7F6BA-E89E-49ED-B306-06D17687BF4D}.Release|Any CPU.ActiveCfg = Release|Any CPU
		{A1B7F6BA-E89E-49ED-B306-06D17687BF4D}.Release|Any CPU.Build.0 = Release|Any CPU
	EndGlobalSection
	GlobalSection(SolutionProperties) = preSolution
		HideSolutionNode = FALSE
	EndGlobalSection
	GlobalSection(ExtensibilityGlobals) = postSolution
		SolutionGuid = {0278F64A-069B-41D6-A300-11FFEB9845D7}
	EndGlobalSection
EndGlobal
