
Microsoft Visual Studio Solution File, Format Version 12.00
# Visual Studio Version 17
VisualStudioVersion = 17.2.32602.215
MinimumVisualStudioVersion = 10.0.40219.1
Project("{FAE04EC0-301F-11D3-BF4B-00C04F79EFBC}") = "HW03.Birthday", "HW03.Birthday\HW03.Birthday.csproj", "{8FABFCCC-D5AE-48E8-BFD3-C0BD2FBD7FC0}"
EndProject
Global
	GlobalSection(SolutionConfigurationPlatforms) = preSolution
		Debug|Any CPU = Debug|Any CPU
		Release|Any CPU = Release|Any CPU
	EndGlobalSection
	GlobalSection(ProjectConfigurationPlatforms) = postSolution
		{8FABFCCC-D5AE-48E8-BFD3-C0BD2FBD7FC0}.Debug|Any CPU.ActiveCfg = Debug|Any CPU
		{8FABFCCC-D5AE-48E8-BFD3-C0BD2FBD7FC0}.Debug|Any CPU.Build.0 = Debug|Any CPU
		{8FABFCCC-D5AE-48E8-BFD3-C0BD2FBD7FC0}.Release|Any CPU.ActiveCfg = Release|Any CPU
		{8FABFCCC-D5AE-48E8-BFD3-C0BD2FBD7FC0}.Release|Any CPU.Build.0 = Release|Any CPU
	EndGlobalSection
	GlobalSection(SolutionProperties) = preSolution
		HideSolutionNode = FALSE
	EndGlobalSection
	GlobalSection(ExtensibilityGlobals) = postSolution
		SolutionGuid = {0278F64A-069B-41D6-A300-11FFEB9845D7}
	EndGlobalSection
EndGlobal
